{
    "_readme": [
        "This file locks the dependencies of your project to a known state",
        "Read more about it at https://getcomposer.org/doc/01-basic-usage.md#installing-dependencies",
        "This file is @generated automatically"
    ],
    "content-hash": "974648481c659636c389dee2d5a0abad",
    "packages": [
        {
            "name": "arhitector/yandex",
            "version": "dev-master",
            "source": {
                "type": "git",
                "url": "https://github.com/jack-theripper/yandex.git",
                "reference": "db78fae891552c9b1c8d0b043e9ebf879b918a18"
            },
            "dist": {
                "type": "zip",
                "url": "https://api.github.com/repos/jack-theripper/yandex/zipball/db78fae891552c9b1c8d0b043e9ebf879b918a18",
                "reference": "db78fae891552c9b1c8d0b043e9ebf879b918a18",
                "shasum": ""
            },
            "require": {
                "league/event": "2.1.2",
                "php": ">=5.5",
                "php-http/client-common": "^1.1",
                "php-http/curl-client": "1.4.*",
                "php-http/message": "^1.2",
                "zendframework/zend-diactoros": "~1.8.4"
            },
            "require-dev": {
                "phpunit/phpunit": "~5.6.2"
            },
            "type": "library",
            "extra": {
                "branch-alias": {
                    "dev-master": "2.0-dev"
                }
            },
            "autoload": {
                "psr-4": {
                    "Arhitector\\Yandex\\": "src/"
                }
            },
            "notification-url": "https://packagist.org/downloads/",
            "license": [
                "MIT"
            ],
            "authors": [
                {
                    "name": "Dmitry Arhitector",
                    "email": "dmitry.arhitector@yandex.ru"
                }
            ],
            "description": "PHP SDK для работы с некоторыми сервисами яндекса (Яндекс.Диск, Yandex.Disk)",
            "keywords": [
                "api",
                "client",
                "curl",
                "disk",
                "php",
                "rest",
                "restful",
                "sdk",
                "yandex",
                "yandex disk",
                "диск",
                "яндекс",
                "яндекс диск"
            ],
            "time": "2019-03-24T14:27:37+00:00"
        },
        {
            "name": "clue/stream-filter",
            "version": "v1.4.1",
            "source": {
                "type": "git",
                "url": "https://github.com/clue/php-stream-filter.git",
                "reference": "5a58cc30a8bd6a4eb8f856adf61dd3e013f53f71"
            },
            "dist": {
                "type": "zip",
                "url": "https://api.github.com/repos/clue/php-stream-filter/zipball/5a58cc30a8bd6a4eb8f856adf61dd3e013f53f71",
                "reference": "5a58cc30a8bd6a4eb8f856adf61dd3e013f53f71",
                "shasum": ""
            },
            "require": {
                "php": ">=5.3"
            },
            "require-dev": {
                "phpunit/phpunit": "^5.0 || ^4.8"
            },
            "type": "library",
            "autoload": {
                "psr-4": {
                    "Clue\\StreamFilter\\": "src/"
                },
                "files": [
                    "src/functions_include.php"
                ]
            },
            "notification-url": "https://packagist.org/downloads/",
            "license": [
                "MIT"
            ],
            "authors": [
                {
                    "name": "Christian Lück",
                    "email": "christian@lueck.tv"
                }
            ],
            "description": "A simple and modern approach to stream filtering in PHP",
            "homepage": "https://github.com/clue/php-stream-filter",
            "keywords": [
                "bucket brigade",
                "callback",
                "filter",
                "php_user_filter",
                "stream",
                "stream_filter_append",
                "stream_filter_register"
            ],
            "time": "2019-04-09T12:31:48+00:00"
        },
        {
            "name": "league/event",
            "version": "2.1.2",
            "source": {
                "type": "git",
                "url": "https://github.com/thephpleague/event.git",
                "reference": "e4bfc88dbcb60c8d8a2939a71f9813e141bbe4cd"
            },
            "dist": {
                "type": "zip",
                "url": "https://api.github.com/repos/thephpleague/event/zipball/e4bfc88dbcb60c8d8a2939a71f9813e141bbe4cd",
                "reference": "e4bfc88dbcb60c8d8a2939a71f9813e141bbe4cd",
                "shasum": ""
            },
            "require": {
                "php": ">=5.4.0"
            },
            "require-dev": {
                "henrikbjorn/phpspec-code-coverage": "~1.0.1",
                "phpspec/phpspec": "~2.0.0"
            },
            "type": "library",
            "extra": {
                "branch-alias": {
                    "dev-master": "2.2-dev"
                }
            },
            "autoload": {
                "psr-4": {
                    "League\\Event\\": "src/"
                }
            },
            "notification-url": "https://packagist.org/downloads/",
            "license": [
                "MIT"
            ],
            "authors": [
                {
                    "name": "Frank de Jonge",
                    "email": "info@frenky.net"
                }
            ],
            "description": "Event package",
            "keywords": [
                "emitter",
                "event",
                "listener"
            ],
            "time": "2015-05-21T12:24:47+00:00"
        },
        {
            "name": "php-http/client-common",
            "version": "1.10.0",
            "source": {
                "type": "git",
                "url": "https://github.com/php-http/client-common.git",
                "reference": "c0390ae3c8f2ae9d50901feef0127fb9e396f6b4"
            },
            "dist": {
                "type": "zip",
                "url": "https://api.github.com/repos/php-http/client-common/zipball/c0390ae3c8f2ae9d50901feef0127fb9e396f6b4",
                "reference": "c0390ae3c8f2ae9d50901feef0127fb9e396f6b4",
                "shasum": ""
            },
            "require": {
                "php": "^5.4 || ^7.0",
                "php-http/httplug": "^1.1",
                "php-http/message": "^1.6",
                "php-http/message-factory": "^1.0",
                "symfony/options-resolver": "^2.6 || ^3.0 || ^4.0 || ^5.0"
            },
            "require-dev": {
                "guzzlehttp/psr7": "^1.4",
                "phpspec/phpspec": "^2.5 || ^3.4 || ^4.2"
            },
            "suggest": {
                "php-http/cache-plugin": "PSR-6 Cache plugin",
                "php-http/logger-plugin": "PSR-3 Logger plugin",
                "php-http/stopwatch-plugin": "Symfony Stopwatch plugin"
            },
            "type": "library",
            "extra": {
                "branch-alias": {
                    "dev-master": "1.10.x-dev"
                }
            },
            "autoload": {
                "psr-4": {
                    "Http\\Client\\Common\\": "src/"
                }
            },
            "notification-url": "https://packagist.org/downloads/",
            "license": [
                "MIT"
            ],
            "authors": [
                {
                    "name": "Márk Sági-Kazár",
                    "email": "mark.sagikazar@gmail.com"
                }
            ],
            "description": "Common HTTP Client implementations and tools for HTTPlug",
            "homepage": "http://httplug.io",
            "keywords": [
                "client",
                "common",
                "http",
                "httplug"
            ],
            "time": "2019-11-18T08:54:36+00:00"
        },
        {
            "name": "php-http/curl-client",
            "version": "v1.4.2",
            "source": {
                "type": "git",
                "url": "https://github.com/php-http/curl-client.git",
                "reference": "6d319ff8364b6edc3b40570f5e93f6ac23409b66"
            },
            "dist": {
                "type": "zip",
                "url": "https://api.github.com/repos/php-http/curl-client/zipball/6d319ff8364b6edc3b40570f5e93f6ac23409b66",
                "reference": "6d319ff8364b6edc3b40570f5e93f6ac23409b66",
                "shasum": ""
            },
            "require": {
                "ext-curl": "*",
                "php": ">=5.5",
                "php-http/httplug": "^1.0",
                "php-http/message-factory": "^1.0"
            },
            "provide": {
                "php-http/async-client-implementation": "1.0",
                "php-http/client-implementation": "1.0"
            },
            "require-dev": {
                "guzzlehttp/psr7": "^1.0",
                "php-http/adapter-integration-tests": "0.4.*",
                "php-http/discovery": "~0.8.0",
                "php-http/message": "^1.2",
                "phpunit/phpunit": "^4.8",
                "puli/composer-plugin": "^1.0@beta,>=1.0.0-beta9",
                "zendframework/zend-diactoros": "^1.0"
            },
            "suggest": {
                "php-http/discovery": "Allow automatically discover needed HTTPlug implementations"
            },
            "type": "library",
            "autoload": {
                "psr-4": {
                    "Http\\Client\\Curl\\": "src/"
                }
            },
            "notification-url": "https://packagist.org/downloads/",
            "license": [
                "MIT"
            ],
            "authors": [
                {
                    "name": "Михаил Красильников",
                    "email": "m.krasilnikov@yandex.ru"
                }
            ],
            "description": "cURL client for PHP-HTTP",
            "homepage": "http://php-http.org",
            "keywords": [
                "curl",
                "http"
            ],
            "time": "2016-06-14T07:43:37+00:00"
        },
        {
            "name": "php-http/httplug",
            "version": "v1.1.0",
            "source": {
                "type": "git",
                "url": "https://github.com/php-http/httplug.git",
                "reference": "1c6381726c18579c4ca2ef1ec1498fdae8bdf018"
            },
            "dist": {
                "type": "zip",
                "url": "https://api.github.com/repos/php-http/httplug/zipball/1c6381726c18579c4ca2ef1ec1498fdae8bdf018",
                "reference": "1c6381726c18579c4ca2ef1ec1498fdae8bdf018",
                "shasum": ""
            },
            "require": {
                "php": ">=5.4",
                "php-http/promise": "^1.0",
                "psr/http-message": "^1.0"
            },
            "require-dev": {
                "henrikbjorn/phpspec-code-coverage": "^1.0",
                "phpspec/phpspec": "^2.4"
            },
            "type": "library",
            "extra": {
                "branch-alias": {
                    "dev-master": "1.1-dev"
                }
            },
            "autoload": {
                "psr-4": {
                    "Http\\Client\\": "src/"
                }
            },
            "notification-url": "https://packagist.org/downloads/",
            "license": [
                "MIT"
            ],
            "authors": [
                {
                    "name": "Eric GELOEN",
                    "email": "geloen.eric@gmail.com"
                },
                {
                    "name": "Márk Sági-Kazár",
                    "email": "mark.sagikazar@gmail.com"
                }
            ],
            "description": "HTTPlug, the HTTP client abstraction for PHP",
            "homepage": "http://httplug.io",
            "keywords": [
                "client",
                "http"
            ],
            "time": "2016-08-31T08:30:17+00:00"
        },
        {
            "name": "php-http/message",
            "version": "1.7.2",
            "source": {
                "type": "git",
                "url": "https://github.com/php-http/message.git",
                "reference": "b159ffe570dffd335e22ef0b91a946eacb182fa1"
            },
            "dist": {
                "type": "zip",
                "url": "https://api.github.com/repos/php-http/message/zipball/b159ffe570dffd335e22ef0b91a946eacb182fa1",
                "reference": "b159ffe570dffd335e22ef0b91a946eacb182fa1",
                "shasum": ""
            },
            "require": {
                "clue/stream-filter": "^1.4",
                "php": "^5.4 || ^7.0",
                "php-http/message-factory": "^1.0.2",
                "psr/http-message": "^1.0"
            },
            "provide": {
                "php-http/message-factory-implementation": "1.0"
            },
            "require-dev": {
                "akeneo/phpspec-skip-example-extension": "^1.0",
                "coduo/phpspec-data-provider-extension": "^1.0",
                "ext-zlib": "*",
                "guzzlehttp/psr7": "^1.0",
                "henrikbjorn/phpspec-code-coverage": "^1.0",
                "phpspec/phpspec": "^2.4",
                "slim/slim": "^3.0",
                "zendframework/zend-diactoros": "^1.0"
            },
            "suggest": {
                "ext-zlib": "Used with compressor/decompressor streams",
                "guzzlehttp/psr7": "Used with Guzzle PSR-7 Factories",
                "slim/slim": "Used with Slim Framework PSR-7 implementation",
                "zendframework/zend-diactoros": "Used with Diactoros Factories"
            },
            "type": "library",
            "extra": {
                "branch-alias": {
                    "dev-master": "1.6-dev"
                }
            },
            "autoload": {
                "psr-4": {
                    "Http\\Message\\": "src/"
                },
                "files": [
                    "src/filters.php"
                ]
            },
            "notification-url": "https://packagist.org/downloads/",
            "license": [
                "MIT"
            ],
            "authors": [
                {
                    "name": "Márk Sági-Kazár",
                    "email": "mark.sagikazar@gmail.com"
                }
            ],
            "description": "HTTP Message related tools",
            "homepage": "http://php-http.org",
            "keywords": [
                "http",
                "message",
                "psr-7"
            ],
            "time": "2018-11-01T09:32:41+00:00"
        },
        {
            "name": "php-http/message-factory",
            "version": "v1.0.2",
            "source": {
                "type": "git",
                "url": "https://github.com/php-http/message-factory.git",
                "reference": "a478cb11f66a6ac48d8954216cfed9aa06a501a1"
            },
            "dist": {
                "type": "zip",
                "url": "https://api.github.com/repos/php-http/message-factory/zipball/a478cb11f66a6ac48d8954216cfed9aa06a501a1",
                "reference": "a478cb11f66a6ac48d8954216cfed9aa06a501a1",
                "shasum": ""
            },
            "require": {
                "php": ">=5.4",
                "psr/http-message": "^1.0"
            },
            "type": "library",
            "extra": {
                "branch-alias": {
                    "dev-master": "1.0-dev"
                }
            },
            "autoload": {
                "psr-4": {
                    "Http\\Message\\": "src/"
                }
            },
            "notification-url": "https://packagist.org/downloads/",
            "license": [
                "MIT"
            ],
            "authors": [
                {
                    "name": "Márk Sági-Kazár",
                    "email": "mark.sagikazar@gmail.com"
                }
            ],
            "description": "Factory interfaces for PSR-7 HTTP Message",
            "homepage": "http://php-http.org",
            "keywords": [
                "factory",
                "http",
                "message",
                "stream",
                "uri"
            ],
            "time": "2015-12-19T14:08:53+00:00"
        },
        {
            "name": "php-http/promise",
            "version": "v1.0.0",
            "source": {
                "type": "git",
                "url": "https://github.com/php-http/promise.git",
                "reference": "dc494cdc9d7160b9a09bd5573272195242ce7980"
            },
            "dist": {
                "type": "zip",
                "url": "https://api.github.com/repos/php-http/promise/zipball/dc494cdc9d7160b9a09bd5573272195242ce7980",
                "reference": "dc494cdc9d7160b9a09bd5573272195242ce7980",
                "shasum": ""
            },
            "require-dev": {
                "henrikbjorn/phpspec-code-coverage": "^1.0",
                "phpspec/phpspec": "^2.4"
            },
            "type": "library",
            "extra": {
                "branch-alias": {
                    "dev-master": "1.1-dev"
                }
            },
            "autoload": {
                "psr-4": {
                    "Http\\Promise\\": "src/"
                }
            },
            "notification-url": "https://packagist.org/downloads/",
            "license": [
                "MIT"
            ],
            "authors": [
                {
                    "name": "Márk Sági-Kazár",
                    "email": "mark.sagikazar@gmail.com"
                },
                {
                    "name": "Joel Wurtz",
                    "email": "joel.wurtz@gmail.com"
                }
            ],
            "description": "Promise used for asynchronous HTTP requests",
            "homepage": "http://httplug.io",
            "keywords": [
                "promise"
            ],
            "time": "2016-01-26T13:27:02+00:00"
        },
        {
            "name": "psr/http-message",
            "version": "1.0.1",
            "source": {
                "type": "git",
                "url": "https://github.com/php-fig/http-message.git",
                "reference": "f6561bf28d520154e4b0ec72be95418abe6d9363"
            },
            "dist": {
                "type": "zip",
                "url": "https://api.github.com/repos/php-fig/http-message/zipball/f6561bf28d520154e4b0ec72be95418abe6d9363",
                "reference": "f6561bf28d520154e4b0ec72be95418abe6d9363",
                "shasum": ""
            },
            "require": {
                "php": ">=5.3.0"
            },
            "type": "library",
            "extra": {
                "branch-alias": {
                    "dev-master": "1.0.x-dev"
                }
            },
            "autoload": {
                "psr-4": {
                    "Psr\\Http\\Message\\": "src/"
                }
            },
            "notification-url": "https://packagist.org/downloads/",
            "license": [
                "MIT"
            ],
            "authors": [
                {
                    "name": "PHP-FIG",
                    "homepage": "http://www.php-fig.org/"
                }
            ],
            "description": "Common interface for HTTP messages",
            "homepage": "https://github.com/php-fig/http-message",
            "keywords": [
                "http",
                "http-message",
                "psr",
                "psr-7",
                "request",
                "response"
            ],
            "time": "2016-08-06T14:39:51+00:00"
        },
        {
            "name": "symfony/options-resolver",
            "version": "v3.4.43",
            "source": {
                "type": "git",
                "url": "https://github.com/symfony/options-resolver.git",
                "reference": "0edf31d2e34f4adb72dd4d2e4a8aa21f84b943e5"
            },
            "dist": {
                "type": "zip",
                "url": "https://api.github.com/repos/symfony/options-resolver/zipball/0edf31d2e34f4adb72dd4d2e4a8aa21f84b943e5",
                "reference": "0edf31d2e34f4adb72dd4d2e4a8aa21f84b943e5",
                "shasum": ""
            },
            "require": {
                "php": "^5.5.9|>=7.0.8"
            },
            "type": "library",
            "extra": {
                "branch-alias": {
                    "dev-master": "3.4-dev"
                }
            },
            "autoload": {
                "psr-4": {
                    "Symfony\\Component\\OptionsResolver\\": ""
                },
                "exclude-from-classmap": [
                    "/Tests/"
                ]
            },
            "notification-url": "https://packagist.org/downloads/",
            "license": [
                "MIT"
            ],
            "authors": [
                {
                    "name": "Fabien Potencier",
                    "email": "fabien@symfony.com"
                },
                {
                    "name": "Symfony Community",
                    "homepage": "https://symfony.com/contributors"
                }
            ],
            "description": "Symfony OptionsResolver Component",
            "homepage": "https://symfony.com",
            "keywords": [
                "config",
                "configuration",
                "options"
            ],
            "time": "2020-07-08T17:07:26+00:00"
        },
        {
            "name": "zendframework/zend-diactoros",
            "version": "1.8.7",
            "source": {
                "type": "git",
                "url": "https://github.com/zendframework/zend-diactoros.git",
                "reference": "a85e67b86e9b8520d07e6415fcbcb8391b44a75b"
            },
            "dist": {
                "type": "zip",
                "url": "https://api.github.com/repos/zendframework/zend-diactoros/zipball/a85e67b86e9b8520d07e6415fcbcb8391b44a75b",
                "reference": "a85e67b86e9b8520d07e6415fcbcb8391b44a75b",
                "shasum": ""
            },
            "require": {
                "php": "^5.6 || ^7.0",
                "psr/http-message": "^1.0"
            },
            "provide": {
                "psr/http-message-implementation": "1.0"
            },
            "require-dev": {
                "ext-dom": "*",
                "ext-libxml": "*",
                "php-http/psr7-integration-tests": "dev-master",
                "phpunit/phpunit": "^5.7.16 || ^6.0.8 || ^7.2.7",
                "zendframework/zend-coding-standard": "~1.0"
            },
            "type": "library",
            "extra": {
                "branch-alias": {
                    "dev-release-1.8": "1.8.x-dev"
                }
            },
            "autoload": {
                "files": [
                    "src/functions/create_uploaded_file.php",
                    "src/functions/marshal_headers_from_sapi.php",
                    "src/functions/marshal_method_from_sapi.php",
                    "src/functions/marshal_protocol_version_from_sapi.php",
                    "src/functions/marshal_uri_from_sapi.php",
                    "src/functions/normalize_server.php",
                    "src/functions/normalize_uploaded_files.php",
                    "src/functions/parse_cookie_header.php"
                ],
                "psr-4": {
                    "Zend\\Diactoros\\": "src/"
                }
            },
            "notification-url": "https://packagist.org/downloads/",
            "license": [
                "BSD-2-Clause"
            ],
            "description": "PSR HTTP Message implementations",
            "homepage": "https://github.com/zendframework/zend-diactoros",
            "keywords": [
                "http",
                "psr",
                "psr-7"
            ],
            "abandoned": "laminas/laminas-diactoros",
            "time": "2019-08-06T17:53:53+00:00"
        }
    ],
    "packages-dev": [],
    "aliases": [],
    "minimum-stability": "stable",
    "stability-flags": {
        "arhitector/yandex": 20
    },
    "prefer-stable": false,
    "prefer-lowest": false,
    "platform": [],
    "platform-dev": []
}
